
Microsoft Visual Studio Solution File, Format Version 12.00
# Visual Studio Version 16
VisualStudioVersion = 16.0.31624.102
MinimumVisualStudioVersion = 10.0.40219.1
Project("{FAE04EC0-301F-11D3-BF4B-00C04F79EFBC}") = "TechHomeworkFour", "TechHomeworkFour\TechHomeworkFour.csproj", "{EC6FB6BB-191F-4584-B211-F0D1918CDC59}"
EndProject
Global
	GlobalSection(SolutionConfigurationPlatforms) = preSolution
		Debug|Any CPU = Debug|Any CPU
		Release|Any CPU = Release|Any CPU
	EndGlobalSection
	GlobalSection(ProjectConfigurationPlatforms) = postSolution
		{EC6FB6BB-191F-4584-B211-F0D1918CDC59}.Debug|Any CPU.ActiveCfg = Debug|Any CPU
		{EC6FB6BB-191F-4584-B211-F0D1918CDC59}.Debug|Any CPU.Build.0 = Debug|Any CPU
		{EC6FB6BB-191F-4584-B211-F0D1918CDC59}.Release|Any CPU.ActiveCfg = Release|Any CPU
		{EC6FB6BB-191F-4584-B211-F0D1918CDC59}.Release|Any CPU.Build.0 = Release|Any CPU
	EndGlobalSection
	GlobalSection(SolutionProperties) = preSolution
		HideSolutionNode = FALSE
	EndGlobalSection
	GlobalSection(ExtensibilityGlobals) = postSolution
		SolutionGuid = {29866684-F67B-4688-A8F4-103CEFF72831}
	EndGlobalSection
EndGlobal
